
Microsoft Visual Studio Solution File, Format Version 12.00
# Visual Studio Version 17
VisualStudioVersion = 17.11.35222.181
MinimumVisualStudioVersion = 10.0.40219.1
Project("{9A19103F-16F7-4668-BE54-9A1E7A4F7556}") = "RoomSchedulerAPI", "src\RoomSchedulerAPI.csproj", "{756FBDF8-26A2-4ED2-B192-51ADDF7957BA}"
EndProject
Project("{2150E333-8FDC-42A3-9474-1A3956D46DE8}") = "src", "src", "{E5102CB5-2DAB-4E0B-96BC-AEB7CD223138}"
EndProject
Project("{2150E333-8FDC-42A3-9474-1A3956D46DE8}") = "tests", "tests", "{83D5EC03-7601-4EF4-9C3F-D5392C1510B8}"
EndProject
Project("{FAE04EC0-301F-11D3-BF4B-00C04F79EFBC}") = "RoomSchedulerAPI.UnitTests", "tests\RoomSchedulerAPI.UnitTests\RoomSchedulerAPI.UnitTests.csproj", "{895C79DD-92D4-4A9F-ACD3-EABCA5470FCD}"
EndProject
Project("{FAE04EC0-301F-11D3-BF4B-00C04F79EFBC}") = "RoomSchedulerAPI.IntegrationTests", "tests\RoomSchedulerAPI.IntegrationTests\RoomSchedulerAPI.IntegrationTests.csproj", "{71E27F73-86E4-496C-87CE-A0F27D3B7448}"
EndProject
Global
	GlobalSection(SolutionConfigurationPlatforms) = preSolution
		Debug|Any CPU = Debug|Any CPU
		Release|Any CPU = Release|Any CPU
	EndGlobalSection
	GlobalSection(ProjectConfigurationPlatforms) = postSolution
		{756FBDF8-26A2-4ED2-B192-51ADDF7957BA}.Debug|Any CPU.ActiveCfg = Debug|Any CPU
		{756FBDF8-26A2-4ED2-B192-51ADDF7957BA}.Debug|Any CPU.Build.0 = Debug|Any CPU
		{756FBDF8-26A2-4ED2-B192-51ADDF7957BA}.Release|Any CPU.ActiveCfg = Release|Any CPU
		{756FBDF8-26A2-4ED2-B192-51ADDF7957BA}.Release|Any CPU.Build.0 = Release|Any CPU
		{895C79DD-92D4-4A9F-ACD3-EABCA5470FCD}.Debug|Any CPU.ActiveCfg = Debug|Any CPU
		{895C79DD-92D4-4A9F-ACD3-EABCA5470FCD}.Debug|Any CPU.Build.0 = Debug|Any CPU
		{895C79DD-92D4-4A9F-ACD3-EABCA5470FCD}.Release|Any CPU.ActiveCfg = Release|Any CPU
		{895C79DD-92D4-4A9F-ACD3-EABCA5470FCD}.Release|Any CPU.Build.0 = Release|Any CPU
		{71E27F73-86E4-496C-87CE-A0F27D3B7448}.Debug|Any CPU.ActiveCfg = Debug|Any CPU
		{71E27F73-86E4-496C-87CE-A0F27D3B7448}.Debug|Any CPU.Build.0 = Debug|Any CPU
		{71E27F73-86E4-496C-87CE-A0F27D3B7448}.Release|Any CPU.ActiveCfg = Release|Any CPU
		{71E27F73-86E4-496C-87CE-A0F27D3B7448}.Release|Any CPU.Build.0 = Release|Any CPU
	EndGlobalSection
	GlobalSection(SolutionProperties) = preSolution
		HideSolutionNode = FALSE
	EndGlobalSection
	GlobalSection(NestedProjects) = preSolution
		{756FBDF8-26A2-4ED2-B192-51ADDF7957BA} = {E5102CB5-2DAB-4E0B-96BC-AEB7CD223138}
		{895C79DD-92D4-4A9F-ACD3-EABCA5470FCD} = {83D5EC03-7601-4EF4-9C3F-D5392C1510B8}
		{71E27F73-86E4-496C-87CE-A0F27D3B7448} = {83D5EC03-7601-4EF4-9C3F-D5392C1510B8}
	EndGlobalSection
	GlobalSection(ExtensibilityGlobals) = postSolution
		SolutionGuid = {69F54333-21AA-47B7-9B73-0EA71A88885E}
	EndGlobalSection
EndGlobal
