
Microsoft Visual Studio Solution File, Format Version 12.00
# Visual Studio Version 17
VisualStudioVersion = 17.11.35222.181
MinimumVisualStudioVersion = 10.0.40219.1
Project("{9A19103F-16F7-4668-BE54-9A1E7A4F7556}") = "RoomSchedulerAPI", "src\RoomSchedulerAPI.csproj", "{3DACE28B-DF63-401E-B0D9-6DA1F7E067E6}"
EndProject
Global
	GlobalSection(SolutionConfigurationPlatforms) = preSolution
		Debug|Any CPU = Debug|Any CPU
		Release|Any CPU = Release|Any CPU
	EndGlobalSection
	GlobalSection(ProjectConfigurationPlatforms) = postSolution
		{3DACE28B-DF63-401E-B0D9-6DA1F7E067E6}.Debug|Any CPU.ActiveCfg = Debug|Any CPU
		{3DACE28B-DF63-401E-B0D9-6DA1F7E067E6}.Debug|Any CPU.Build.0 = Debug|Any CPU
		{3DACE28B-DF63-401E-B0D9-6DA1F7E067E6}.Release|Any CPU.ActiveCfg = Release|Any CPU
		{3DACE28B-DF63-401E-B0D9-6DA1F7E067E6}.Release|Any CPU.Build.0 = Release|Any CPU
	EndGlobalSection
	GlobalSection(SolutionProperties) = preSolution
		HideSolutionNode = FALSE
	EndGlobalSection
	GlobalSection(ExtensibilityGlobals) = postSolution
		SolutionGuid = {69F54333-21AA-47B7-9B73-0EA71A88885E}
	EndGlobalSection
EndGlobal
